
Microsoft Visual Studio Solution File, Format Version 12.00
# Visual Studio Version 17
VisualStudioVersion = 17.0.32126.317
MinimumVisualStudioVersion = 10.0.40219.1
Project("{9A19103F-16F7-4668-BE54-9A1E7A4F7556}") = "Neumorphism.Demo", "Neumorphism.Demo\Neumorphism.Demo.csproj", "{ECB440AE-658B-4602-87CD-BE7FE8285362}"
EndProject
Project("{9A19103F-16F7-4668-BE54-9A1E7A4F7556}") = "Neumorphism.Styles", "Neumorphism.Styles\Neumorphism.Styles.csproj", "{668BC955-5EEF-411B-8811-50F5C52E6760}"
EndProject
Project("{9A19103F-16F7-4668-BE54-9A1E7A4F7556}") = "Neumorphism.Avalonia", "Neumorphism.Avalonia\Neumorphism.Avalonia.csproj", "{AE7993F6-BC21-4E09-833E-49E79200A139}"
EndProject
Project("{9A19103F-16F7-4668-BE54-9A1E7A4F7556}") = "Neumorphism.Dialog", "Neumorphism.Dialog\Neumorphism.Dialog.csproj", "{4F5F7FFD-B6E2-4C36-B250-D6B8169A0B1A}"
EndProject
Global
	GlobalSection(SolutionConfigurationPlatforms) = preSolution
		Debug|Any CPU = Debug|Any CPU
		Release|Any CPU = Release|Any CPU
	EndGlobalSection
	GlobalSection(ProjectConfigurationPlatforms) = postSolution
		{ECB440AE-658B-4602-87CD-BE7FE8285362}.Debug|Any CPU.ActiveCfg = Debug|Any CPU
		{ECB440AE-658B-4602-87CD-BE7FE8285362}.Debug|Any CPU.Build.0 = Debug|Any CPU
		{ECB440AE-658B-4602-87CD-BE7FE8285362}.Release|Any CPU.ActiveCfg = Release|Any CPU
		{ECB440AE-658B-4602-87CD-BE7FE8285362}.Release|Any CPU.Build.0 = Release|Any CPU
		{668BC955-5EEF-411B-8811-50F5C52E6760}.Debug|Any CPU.ActiveCfg = Debug|Any CPU
		{668BC955-5EEF-411B-8811-50F5C52E6760}.Debug|Any CPU.Build.0 = Debug|Any CPU
		{668BC955-5EEF-411B-8811-50F5C52E6760}.Release|Any CPU.ActiveCfg = Release|Any CPU
		{668BC955-5EEF-411B-8811-50F5C52E6760}.Release|Any CPU.Build.0 = Release|Any CPU
		{AE7993F6-BC21-4E09-833E-49E79200A139}.Debug|Any CPU.ActiveCfg = Debug|Any CPU
		{AE7993F6-BC21-4E09-833E-49E79200A139}.Debug|Any CPU.Build.0 = Debug|Any CPU
		{AE7993F6-BC21-4E09-833E-49E79200A139}.Release|Any CPU.ActiveCfg = Release|Any CPU
		{AE7993F6-BC21-4E09-833E-49E79200A139}.Release|Any CPU.Build.0 = Release|Any CPU
		{4F5F7FFD-B6E2-4C36-B250-D6B8169A0B1A}.Debug|Any CPU.ActiveCfg = Debug|Any CPU
		{4F5F7FFD-B6E2-4C36-B250-D6B8169A0B1A}.Debug|Any CPU.Build.0 = Debug|Any CPU
		{4F5F7FFD-B6E2-4C36-B250-D6B8169A0B1A}.Release|Any CPU.ActiveCfg = Release|Any CPU
		{4F5F7FFD-B6E2-4C36-B250-D6B8169A0B1A}.Release|Any CPU.Build.0 = Release|Any CPU
	EndGlobalSection
	GlobalSection(SolutionProperties) = preSolution
		HideSolutionNode = FALSE
	EndGlobalSection
	GlobalSection(ExtensibilityGlobals) = postSolution
		SolutionGuid = {CF585909-D4B7-4ABC-B2B5-EF4699EF6943}
	EndGlobalSection
EndGlobal
